
Microsoft Visual Studio Solution File, Format Version 12.00
# Visual Studio Version 16
VisualStudioVersion = 16.0.30907.101
MinimumVisualStudioVersion = 10.0.40219.1
Project("{9A19103F-16F7-4668-BE54-9A1E7A4F7556}") = "TNAChallangeTests", "TNAChallangeTests\TNAChallangeTests.csproj", "{C98D0C22-7D1E-4286-BEEE-4F07B2F22C62}"
EndProject
Project("{9A19103F-16F7-4668-BE54-9A1E7A4F7556}") = "TNAChallange", "TNAChallange\TNAChallange.csproj", "{EB1FBEEA-AB28-46AC-A6A2-359ACE6D7FAC}"
EndProject
Project("{9A19103F-16F7-4668-BE54-9A1E7A4F7556}") = "TNAChallangeConsole", "TNAChallangeConsole\TNAChallangeConsole.csproj", "{8F92DD94-6C64-4343-91FC-18E77A40F07E}"
EndProject
Global
	GlobalSection(SolutionConfigurationPlatforms) = preSolution
		Debug|Any CPU = Debug|Any CPU
		Release|Any CPU = Release|Any CPU
	EndGlobalSection
	GlobalSection(ProjectConfigurationPlatforms) = postSolution
		{C98D0C22-7D1E-4286-BEEE-4F07B2F22C62}.Debug|Any CPU.ActiveCfg = Debug|Any CPU
		{C98D0C22-7D1E-4286-BEEE-4F07B2F22C62}.Debug|Any CPU.Build.0 = Debug|Any CPU
		{C98D0C22-7D1E-4286-BEEE-4F07B2F22C62}.Release|Any CPU.ActiveCfg = Release|Any CPU
		{C98D0C22-7D1E-4286-BEEE-4F07B2F22C62}.Release|Any CPU.Build.0 = Release|Any CPU
		{EB1FBEEA-AB28-46AC-A6A2-359ACE6D7FAC}.Debug|Any CPU.ActiveCfg = Debug|Any CPU
		{EB1FBEEA-AB28-46AC-A6A2-359ACE6D7FAC}.Debug|Any CPU.Build.0 = Debug|Any CPU
		{EB1FBEEA-AB28-46AC-A6A2-359ACE6D7FAC}.Release|Any CPU.ActiveCfg = Release|Any CPU
		{EB1FBEEA-AB28-46AC-A6A2-359ACE6D7FAC}.Release|Any CPU.Build.0 = Release|Any CPU
		{8F92DD94-6C64-4343-91FC-18E77A40F07E}.Debug|Any CPU.ActiveCfg = Debug|Any CPU
		{8F92DD94-6C64-4343-91FC-18E77A40F07E}.Debug|Any CPU.Build.0 = Debug|Any CPU
		{8F92DD94-6C64-4343-91FC-18E77A40F07E}.Release|Any CPU.ActiveCfg = Release|Any CPU
		{8F92DD94-6C64-4343-91FC-18E77A40F07E}.Release|Any CPU.Build.0 = Release|Any CPU
	EndGlobalSection
	GlobalSection(SolutionProperties) = preSolution
		HideSolutionNode = FALSE
	EndGlobalSection
	GlobalSection(ExtensibilityGlobals) = postSolution
		SolutionGuid = {CB8B2715-BC66-40BB-899A-ACF0AD15FF91}
	EndGlobalSection
EndGlobal
